// !$*UTF8*$!
{
	archiveVersion = 1;
	classes = {
	};
	objectVersion = 56;
	objects = {

/* Begin PBXBuildFile section */
		17AC00F328F899CB0091A569 /* Dice_AppApp.swift in Sources */ = {isa = PBXBuildFile; fileRef = 17AC00F228F899CB0091A569 /* Dice_AppApp.swift */; };
		17AC00F528F899CB0091A569 /* ContentView.swift in Sources */ = {isa = PBXBuildFile; fileRef = 17AC00F428F899CB0091A569 /* ContentView.swift */; };
		17AC00F728F899D00091A569 /* Assets.xcassets in Resources */ = {isa = PBXBuildFile; fileRef = 17AC00F628F899D00091A569 /* Assets.xcassets */; };
		17AC00FA28F899D00091A569 /* Preview Assets.xcassets in Resources */ = {isa = PBXBuildFile; fileRef = 17AC00F928F899D00091A569 /* Preview Assets.xcassets */; };
		17AC010428F899D10091A569 /* Dice_AppTests.swift in Sources */ = {isa = PBXBuildFile; fileRef = 17AC010328F899D10091A569 /* Dice_AppTests.swift */; };
		17AC010E28F899D10091A569 /* Dice_AppUITests.swift in Sources */ = {isa = PBXBuildFile; fileRef = 17AC010D28F899D10091A569 /* Dice_AppUITests.swift */; };
		17AC011028F899D10091A569 /* Dice_AppUITestsLaunchTests.swift in Sources */ = {isa = PBXBuildFile; fileRef = 17AC010F28F899D10091A569 /* Dice_AppUITestsLaunchTests.swift */; };
/* End PBXBuildFile section */

/* Begin PBXContainerItemProxy section */
		17AC010028F899D10091A569 /* PBXContainerItemProxy */ = {
			isa = PBXContainerItemProxy;
			containerPortal = 17AC00E728F899CB0091A569 /* Project object */;
			proxyType = 1;
			remoteGlobalIDString = 17AC00EE28F899CB0091A569;
			remoteInfo = "Dice App";
		};
		17AC010A28F899D10091A569 /* PBXContainerItemProxy */ = {
			isa = PBXContainerItemProxy;
			containerPortal = 17AC00E728F899CB0091A569 /* Project object */;
			proxyType = 1;
			remoteGlobalIDString = 17AC00EE28F899CB0091A569;
			remoteInfo = "Dice App";
		};
/* End PBXContainerItemProxy section */

/* Begin PBXFileReference section */
		17AC00EF28F899CB0091A569 /* Dice App.app */ = {isa = PBXFileReference; explicitFileType = wrapper.application; includeInIndex = 0; path = "Dice App.app"; sourceTree = BUILT_PRODUCTS_DIR; };
		17AC00F228F899CB0091A569 /* Dice_AppApp.swift */ = {isa = PBXFileReference; lastKnownFileType = sourcecode.swift; path = Dice_AppApp.swift; sourceTree = "<group>"; };
		17AC00F428F899CB0091A569 /* ContentView.swift */ = {isa = PBXFileReference; lastKnownFileType = sourcecode.swift; path = ContentView.swift; sourceTree = "<group>"; };
		17AC00F628F899D00091A569 /* Assets.xcassets */ = {isa = PBXFileReference; lastKnownFileType = folder.assetcatalog; path = Assets.xcassets; sourceTree = "<group>"; };
		17AC00F928F899D00091A569 /* Preview Assets.xcassets */ = {isa = PBXFileReference; lastKnownFileType = folder.assetcatalog; path = "Preview Assets.xcassets"; sourceTree = "<group>"; };
		17AC00FF28F899D10091A569 /* Dice AppTests.xctest */ = {isa = PBXFileReference; explicitFileType = wrapper.cfbundle; includeInIndex = 0; path = "Dice AppTests.xctest"; sourceTree = BUILT_PRODUCTS_DIR; };
		17AC010328F899D10091A569 /* Dice_AppTests.swift */ = {isa = PBXFileReference; lastKnownFileType = sourcecode.swift; path = Dice_AppTests.swift; sourceTree = "<group>"; };
		17AC010928F899D10091A569 /* Dice AppUITests.xctest */ = {isa = PBXFileReference; explicitFileType = wrapper.cfbundle; includeInIndex = 0; path = "Dice AppUITests.xctest"; sourceTree = BUILT_PRODUCTS_DIR; };
		17AC010D28F899D10091A569 /* Dice_AppUITests.swift */ = {isa = PBXFileReference; lastKnownFileType = sourcecode.swift; path = Dice_AppUITests.swift; sourceTree = "<group>"; };
		17AC010F28F899D10091A569 /* Dice_AppUITestsLaunchTests.swift */ = {isa = PBXFileReference; lastKnownFileType = sourcecode.swift; path = Dice_AppUITestsLaunchTests.swift; sourceTree = "<group>"; };
/* End PBXFileReference section */

/* Begin PBXFrameworksBuildPhase section */
		17AC00EC28F899CB0091A569 /* Frameworks */ = {
			isa = PBXFrameworksBuildPhase;
			buildActionMask = 2147483647;
			files = (
			);
			runOnlyForDeploymentPostprocessing = 0;
		};
		17AC00FC28F899D10091A569 /* Frameworks */ = {
			isa = PBXFrameworksBuildPhase;
			buildActionMask = 2147483647;
			files = (
			);
			runOnlyForDeploymentPostprocessing = 0;
		};
		17AC010628F899D10091A569 /* Frameworks */ = {
			isa = PBXFrameworksBuildPhase;
			buildActionMask = 2147483647;
			files = (
			);
			runOnlyForDeploymentPostprocessing = 0;
		};
/* End PBXFrameworksBuildPhase section */

/* Begin PBXGroup section */
		17AC00E628F899CB0091A569 = {
			isa = PBXGroup;
			children = (
				17AC00F128F899CB0091A569 /* Dice App */,
				17AC010228F899D10091A569 /* Dice AppTests */,
				17AC010C28F899D10091A569 /* Dice AppUITests */,
				17AC00F028F899CB0091A569 /* Products */,
			);
			sourceTree = "<group>";
		};
		17AC00F028F899CB0091A569 /* Products */ = {
			isa = PBXGroup;
			children = (
				17AC00EF28F899CB0091A569 /* Dice App.app */,
				17AC00FF28F899D10091A569 /* Dice AppTests.xctest */,
				17AC010928F899D10091A569 /* Dice AppUITests.xctest */,
			);
			name = Products;
			sourceTree = "<group>";
		};
		17AC00F128F899CB0091A569 /* Dice App */ = {
			isa = PBXGroup;
			children = (
				17AC00F228F899CB0091A569 /* Dice_AppApp.swift */,
				17AC00F428F899CB0091A569 /* ContentView.swift */,
				17AC00F628F899D00091A569 /* Assets.xcassets */,
				17AC00F828F899D00091A569 /* Preview Content */,
			);
			path = "Dice App";
			sourceTree = "<group>";
		};
		17AC00F828F899D00091A569 /* Preview Content */ = {
			isa = PBXGroup;
			children = (
				17AC00F928F899D00091A569 /* Preview Assets.xcassets */,
			);
			path = "Preview Content";
			sourceTree = "<group>";
		};
		17AC010228F899D10091A569 /* Dice AppTests */ = {
			isa = PBXGroup;
			children = (
				17AC010328F899D10091A569 /* Dice_AppTests.swift */,
			);
			path = "Dice AppTests";
			sourceTree = "<group>";
		};
		17AC010C28F899D10091A569 /* Dice AppUITests */ = {
			isa = PBXGroup;
			children = (
				17AC010D28F899D10091A569 /* Dice_AppUITests.swift */,
				17AC010F28F899D10091A569 /* Dice_AppUITestsLaunchTests.swift */,
			);
			path = "Dice AppUITests";
			sourceTree = "<group>";
		};
/* End PBXGroup section */

/* Begin PBXNativeTarget section */
		17AC00EE28F899CB0091A569 /* Dice App */ = {
			isa = PBXNativeTarget;
			buildConfigurationList = 17AC011328F899D10091A569 /* Build configuration list for PBXNativeTarget "Dice App" */;
			buildPhases = (
				17AC00EB28F899CB0091A569 /* Sources */,
				17AC00EC28F899CB0091A569 /* Frameworks */,
				17AC00ED28F899CB0091A569 /* Resources */,
			);
			buildRules = (
			);
			dependencies = (
			);
			name = "Dice App";
			productName = "Dice App";
			productReference = 17AC00EF28F899CB0091A569 /* Dice App.app */;
			productType = "com.apple.product-type.application";
		};
		17AC00FE28F899D10091A569 /* Dice AppTests */ = {
			isa = PBXNativeTarget;
			buildConfigurationList = 17AC011628F899D10091A569 /* Build configuration list for PBXNativeTarget "Dice AppTests" */;
			buildPhases = (
				17AC00FB28F899D10091A569 /* Sources */,
				17AC00FC28F899D10091A569 /* Frameworks */,
				17AC00FD28F899D10091A569 /* Resources */,
			);
			buildRules = (
			);
			dependencies = (
				17AC010128F899D10091A569 /* PBXTargetDependency */,
			);
			name = "Dice AppTests";
			productName = "Dice AppTests";
			productReference = 17AC00FF28F899D10091A569 /* Dice AppTests.xctest */;
			productType = "com.apple.product-type.bundle.unit-test";
		};
		17AC010828F899D10091A569 /* Dice AppUITests */ = {
			isa = PBXNativeTarget;
			buildConfigurationList = 17AC011928F899D10091A569 /* Build configuration list for PBXNativeTarget "Dice AppUITests" */;
			buildPhases = (
				17AC010528F899D10091A569 /* Sources */,
				17AC010628F899D10091A569 /* Frameworks */,
				17AC010728F899D10091A569 /* Resources */,
			);
			buildRules = (
			);
			dependencies = (
				17AC010B28F899D10091A569 /* PBXTargetDependency */,
			);
			name = "Dice AppUITests";
			productName = "Dice AppUITests";
			productReference = 17AC010928F899D10091A569 /* Dice AppUITests.xctest */;
			productType = "com.apple.product-type.bundle.ui-testing";
		};
/* End PBXNativeTarget section */

/* Begin PBXProject section */
		17AC00E728F899CB0091A569 /* Project object */ = {
			isa = PBXProject;
			attributes = {
				BuildIndependentTargetsInParallel = 1;
				LastSwiftUpdateCheck = 1400;
				LastUpgradeCheck = 1400;
				TargetAttributes = {
					17AC00EE28F899CB0091A569 = {
						CreatedOnToolsVersion = 14.0.1;
					};
					17AC00FE28F899D10091A569 = {
						CreatedOnToolsVersion = 14.0.1;
						TestTargetID = 17AC00EE28F899CB0091A569;
					};
					17AC010828F899D10091A569 = {
						CreatedOnToolsVersion = 14.0.1;
						TestTargetID = 17AC00EE28F899CB0091A569;
					};
				};
			};
			buildConfigurationList = 17AC00EA28F899CB0091A569 /* Build configuration list for PBXProject "Dice App" */;
			compatibilityVersion = "Xcode 14.0";
			developmentRegion = en;
			hasScannedForEncodings = 0;
			knownRegions = (
				en,
				Base,
			);
			mainGroup = 17AC00E628F899CB0091A569;
			productRefGroup = 17AC00F028F899CB0091A569 /* Products */;
			projectDirPath = "";
			projectRoot = "";
			targets = (
				17AC00EE28F899CB0091A569 /* Dice App */,
				17AC00FE28F899D10091A569 /* Dice AppTests */,
				17AC010828F899D10091A569 /* Dice AppUITests */,
			);
		};
/* End PBXProject section */

/* Begin PBXResourcesBuildPhase section */
		17AC00ED28F899CB0091A569 /* Resources */ = {
			isa = PBXResourcesBuildPhase;
			buildActionMask = 2147483647;
			files = (
				17AC00FA28F899D00091A569 /* Preview Assets.xcassets in Resources */,
				17AC00F728F899D00091A569 /* Assets.xcassets in Resources */,
			);
			runOnlyForDeploymentPostprocessing = 0;
		};
		17AC00FD28F899D10091A569 /* Resources */ = {
			isa = PBXResourcesBuildPhase;
			buildActionMask = 2147483647;
			files = (
			);
			runOnlyForDeploymentPostprocessing = 0;
		};
		17AC010728F899D10091A569 /* Resources */ = {
			isa = PBXResourcesBuildPhase;
			buildActionMask = 2147483647;
			files = (
			);
			runOnlyForDeploymentPostprocessing = 0;
		};
/* End PBXResourcesBuildPhase section */

/* Begin PBXSourcesBuildPhase section */
		17AC00EB28F899CB0091A569 /* Sources */ = {
			isa = PBXSourcesBuildPhase;
			buildActionMask = 2147483647;
			files = (
				17AC00F528F899CB0091A569 /* ContentView.swift in Sources */,
				17AC00F328F899CB0091A569 /* Dice_AppApp.swift in Sources */,
			);
			runOnlyForDeploymentPostprocessing = 0;
		};
		17AC00FB28F899D10091A569 /* Sources */ = {
			isa = PBXSourcesBuildPhase;
			buildActionMask = 2147483647;
			files = (
				17AC010428F899D10091A569 /* Dice_AppTests.swift in Sources */,
			);
			runOnlyForDeploymentPostprocessing = 0;
		};
		17AC010528F899D10091A569 /* Sources */ = {
			isa = PBXSourcesBuildPhase;
			buildActionMask = 2147483647;
			files = (
				17AC011028F899D10091A569 /* Dice_AppUITestsLaunchTests.swift in Sources */,
				17AC010E28F899D10091A569 /* Dice_AppUITests.swift in Sources */,
			);
			runOnlyForDeploymentPostprocessing = 0;
		};
/* End PBXSourcesBuildPhase section */

/* Begin PBXTargetDependency section */
		17AC010128F899D10091A569 /* PBXTargetDependency */ = {
			isa = PBXTargetDependency;
			target = 17AC00EE28F899CB0091A569 /* Dice App */;
			targetProxy = 17AC010028F899D10091A569 /* PBXContainerItemProxy */;
		};
		17AC010B28F899D10091A569 /* PBXTargetDependency */ = {
			isa = PBXTargetDependency;
			target = 17AC00EE28F899CB0091A569 /* Dice App */;
			targetProxy = 17AC010A28F899D10091A569 /* PBXContainerItemProxy */;
		};
/* End PBXTargetDependency section */

/* Begin XCBuildConfiguration section */
		17AC011128F899D10091A569 /* Debug */ = {
			isa = XCBuildConfiguration;
			buildSettings = {
				ALWAYS_SEARCH_USER_PATHS = NO;
				CLANG_ANALYZER_NONNULL = YES;
				CLANG_ANALYZER_NUMBER_OBJECT_CONVERSION = YES_AGGRESSIVE;
				CLANG_CXX_LANGUAGE_STANDARD = "gnu++20";
				CLANG_ENABLE_MODULES = YES;
				CLANG_ENABLE_OBJC_ARC = YES;
				CLANG_ENABLE_OBJC_WEAK = YES;
				CLANG_WARN_BLOCK_CAPTURE_AUTORELEASING = YES;
				CLANG_WARN_BOOL_CONVERSION = YES;
				CLANG_WARN_COMMA = YES;
				CLANG_WARN_CONSTANT_CONVERSION = YES;
				CLANG_WARN_DEPRECATED_OBJC_IMPLEMENTATIONS = YES;
				CLANG_WARN_DIRECT_OBJC_ISA_USAGE = YES_ERROR;
				CLANG_WARN_DOCUMENTATION_COMMENTS = YES;
				CLANG_WARN_EMPTY_BODY = YES;
				CLANG_WARN_ENUM_CONVERSION = YES;
				CLANG_WARN_INFINITE_RECURSION = YES;
				CLANG_WARN_INT_CONVERSION = YES;
				CLANG_WARN_NON_LITERAL_NULL_CONVERSION = YES;
				CLANG_WARN_OBJC_IMPLICIT_RETAIN_SELF = YES;
				CLANG_WARN_OBJC_LITERAL_CONVERSION = YES;
				CLANG_WARN_OBJC_ROOT_CLASS = YES_ERROR;
				CLANG_WARN_QUOTED_INCLUDE_IN_FRAMEWORK_HEADER = YES;
				CLANG_WARN_RANGE_LOOP_ANALYSIS = YES;
				CLANG_WARN_STRICT_PROTOTYPES = YES;
				CLANG_WARN_SUSPICIOUS_MOVE = YES;
				CLANG_WARN_UNGUARDED_AVAILABILITY = YES_AGGRESSIVE;
				CLANG_WARN_UNREACHABLE_CODE = YES;
				CLANG_WARN__DUPLICATE_METHOD_MATCH = YES;
				COPY_PHASE_STRIP = NO;
				DEBUG_INFORMATION_FORMAT = dwarf;
				ENABLE_STRICT_OBJC_MSGSEND = YES;
				ENABLE_TESTABILITY = YES;
				GCC_C_LANGUAGE_STANDARD = gnu11;
				GCC_DYNAMIC_NO_PIC = NO;
				GCC_NO_COMMON_BLOCKS = YES;
				GCC_OPTIMIZATION_LEVEL = 0;
				GCC_PREPROCESSOR_DEFINITIONS = (
					"DEBUG=1",
					"$(inherited)",
				);
				GCC_WARN_64_TO_32_BIT_CONVERSION = YES;
				GCC_WARN_ABOUT_RETURN_TYPE = YES_ERROR;
				GCC_WARN_UNDECLARED_SELECTOR = YES;
				GCC_WARN_UNINITIALIZED_AUTOS = YES_AGGRESSIVE;
				GCC_WARN_UNUSED_FUNCTION = YES;
				GCC_WARN_UNUSED_VARIABLE = YES;
				IPHONEOS_DEPLOYMENT_TARGET = 16.0;
				MTL_ENABLE_DEBUG_INFO = INCLUDE_SOURCE;
				MTL_FAST_MATH = YES;
				ONLY_ACTIVE_ARCH = YES;
				SDKROOT = iphoneos;
				SWIFT_ACTIVE_COMPILATION_CONDITIONS = DEBUG;
				SWIFT_OPTIMIZATION_LEVEL = "-Onone";
			};
			name = Debug;
		};
		17AC011228F899D10091A569 /* Release */ = {
			isa = XCBuildConfiguration;
			buildSettings = {
				ALWAYS_SEARCH_USER_PATHS = NO;
				CLANG_ANALYZER_NONNULL = YES;
				CLANG_ANALYZER_NUMBER_OBJECT_CONVERSION = YES_AGGRESSIVE;
				CLANG_CXX_LANGUAGE_STANDARD = "gnu++20";
				CLANG_ENABLE_MODULES = YES;
				CLANG_ENABLE_OBJC_ARC = YES;
				CLANG_ENABLE_OBJC_WEAK = YES;
				CLANG_WARN_BLOCK_CAPTURE_AUTORELEASING = YES;
				CLANG_WARN_BOOL_CONVERSION = YES;
				CLANG_WARN_COMMA = YES;
				CLANG_WARN_CONSTANT_CONVERSION = YES;
				CLANG_WARN_DEPRECATED_OBJC_IMPLEMENTATIONS = YES;
				CLANG_WARN_DIRECT_OBJC_ISA_USAGE = YES_ERROR;
				CLANG_WARN_DOCUMENTATION_COMMENTS = YES;
				CLANG_WARN_EMPTY_BODY = YES;
				CLANG_WARN_ENUM_CONVERSION = YES;
				CLANG_WARN_INFINITE_RECURSION = YES;
				CLANG_WARN_INT_CONVERSION = YES;
				CLANG_WARN_NON_LITERAL_NULL_CONVERSION = YES;
				CLANG_WARN_OBJC_IMPLICIT_RETAIN_SELF = YES;
				CLANG_WARN_OBJC_LITERAL_CONVERSION = YES;
				CLANG_WARN_OBJC_ROOT_CLASS = YES_ERROR;
				CLANG_WARN_QUOTED_INCLUDE_IN_FRAMEWORK_HEADER = YES;
				CLANG_WARN_RANGE_LOOP_ANALYSIS = YES;
				CLANG_WARN_STRICT_PROTOTYPES = YES;
				CLANG_WARN_SUSPICIOUS_MOVE = YES;
				CLANG_WARN_UNGUARDED_AVAILABILITY = YES_AGGRESSIVE;
				CLANG_WARN_UNREACHABLE_CODE = YES;
				CLANG_WARN__DUPLICATE_METHOD_MATCH = YES;
				COPY_PHASE_STRIP = NO;
				DEBUG_INFORMATION_FORMAT = "dwarf-with-dsym";
				ENABLE_NS_ASSERTIONS = NO;
				ENABLE_STRICT_OBJC_MSGSEND = YES;
				GCC_C_LANGUAGE_STANDARD = gnu11;
				GCC_NO_COMMON_BLOCKS = YES;
				GCC_WARN_64_TO_32_BIT_CONVERSION = YES;
				GCC_WARN_ABOUT_RETURN_TYPE = YES_ERROR;
				GCC_WARN_UNDECLARED_SELECTOR = YES;
				GCC_WARN_UNINITIALIZED_AUTOS = YES_AGGRESSIVE;
				GCC_WARN_UNUSED_FUNCTION = YES;
				GCC_WARN_UNUSED_VARIABLE = YES;
				IPHONEOS_DEPLOYMENT_TARGET = 16.0;
				MTL_ENABLE_DEBUG_INFO = NO;
				MTL_FAST_MATH = YES;
				SDKROOT = iphoneos;
				SWIFT_COMPILATION_MODE = wholemodule;
				SWIFT_OPTIMIZATION_LEVEL = "-O";
				VALIDATE_PRODUCT = YES;
			};
			name = Release;
		};
		17AC011428F899D10091A569 /* Debug */ = {
			isa = XCBuildConfiguration;
			buildSettings = {
				ASSETCATALOG_COMPILER_APPICON_NAME = AppIcon;
				ASSETCATALOG_COMPILER_GLOBAL_ACCENT_COLOR_NAME = AccentColor;
				CODE_SIGN_STYLE = Automatic;
				CURRENT_PROJECT_VERSION = 1;
				DEVELOPMENT_ASSET_PATHS = "\"Dice App/Preview Content\"";
				DEVELOPMENT_TEAM = 7FV6Q4NKJ5;
				ENABLE_PREVIEWS = YES;
				GENERATE_INFOPLIST_FILE = YES;
				INFOPLIST_KEY_UIApplicationSceneManifest_Generation = YES;
				INFOPLIST_KEY_UIApplicationSupportsIndirectInputEvents = YES;
				INFOPLIST_KEY_UILaunchScreen_Generation = YES;
				INFOPLIST_KEY_UISupportedInterfaceOrientations_iPad = "UIInterfaceOrientationPortrait UIInterfaceOrientationPortraitUpsideDown UIInterfaceOrientationLandscapeLeft UIInterfaceOrientationLandscapeRight";
				INFOPLIST_KEY_UISupportedInterfaceOrientations_iPhone = "UIInterfaceOrientationPortrait UIInterfaceOrientationLandscapeLeft UIInterfaceOrientationLandscapeRight";
				LD_RUNPATH_SEARCH_PATHS = (
					"$(inherited)",
					"@executable_path/Frameworks",
				);
				MARKETING_VERSION = 1.0;
				PRODUCT_BUNDLE_IDENTIFIER = "valentina.ronchi.Dice-App";
				PRODUCT_NAME = "$(TARGET_NAME)";
				SWIFT_EMIT_LOC_STRINGS = YES;
				SWIFT_VERSION = 5.0;
				TARGETED_DEVICE_FAMILY = "1,2";
			};
			name = Debug;
		};
		17AC011528F899D10091A569 /* Release */ = {
			isa = XCBuildConfiguration;
			buildSettings = {
				ASSETCATALOG_COMPILER_APPICON_NAME = AppIcon;
				ASSETCATALOG_COMPILER_GLOBAL_ACCENT_COLOR_NAME = AccentColor;
				CODE_SIGN_STYLE = Automatic;
				CURRENT_PROJECT_VERSION = 1;
				DEVELOPMENT_ASSET_PATHS = "\"Dice App/Preview Content\"";
				DEVELOPMENT_TEAM = 7FV6Q4NKJ5;
				ENABLE_PREVIEWS = YES;
				GENERATE_INFOPLIST_FILE = YES;
				INFOPLIST_KEY_UIApplicationSceneManifest_Generation = YES;
				INFOPLIST_KEY_UIApplicationSupportsIndirectInputEvents = YES;
				INFOPLIST_KEY_UILaunchScreen_Generation = YES;
				INFOPLIST_KEY_UISupportedInterfaceOrientations_iPad = "UIInterfaceOrientationPortrait UIInterfaceOrientationPortraitUpsideDown UIInterfaceOrientationLandscapeLeft UIInterfaceOrientationLandscapeRight";
				INFOPLIST_KEY_UISupportedInterfaceOrientations_iPhone = "UIInterfaceOrientationPortrait UIInterfaceOrientationLandscapeLeft UIInterfaceOrientationLandscapeRight";
				LD_RUNPATH_SEARCH_PATHS = (
					"$(inherited)",
					"@executable_path/Frameworks",
				);
				MARKETING_VERSION = 1.0;
				PRODUCT_BUNDLE_IDENTIFIER = "valentina.ronchi.Dice-App";
				PRODUCT_NAME = "$(TARGET_NAME)";
				SWIFT_EMIT_LOC_STRINGS = YES;
				SWIFT_VERSION = 5.0;
				TARGETED_DEVICE_FAMILY = "1,2";
			};
			name = Release;
		};
		17AC011728F899D10091A569 /* Debug */ = {
			isa = XCBuildConfiguration;
			buildSettings = {
				ALWAYS_EMBED_SWIFT_STANDARD_LIBRARIES = YES;
				BUNDLE_LOADER = "$(TEST_HOST)";
				CODE_SIGN_STYLE = Automatic;
				CURRENT_PROJECT_VERSION = 1;
				DEVELOPMENT_TEAM = 7FV6Q4NKJ5;
				GENERATE_INFOPLIST_FILE = YES;
				IPHONEOS_DEPLOYMENT_TARGET = 16.0;
				MARKETING_VERSION = 1.0;
				PRODUCT_BUNDLE_IDENTIFIER = "valentina.ronchi.Dice-AppTests";
				PRODUCT_NAME = "$(TARGET_NAME)";
				SWIFT_EMIT_LOC_STRINGS = NO;
				SWIFT_VERSION = 5.0;
				TARGETED_DEVICE_FAMILY = "1,2";
				TEST_HOST = "$(BUILT_PRODUCTS_DIR)/Dice App.app/$(BUNDLE_EXECUTABLE_FOLDER_PATH)/Dice App";
			};
			name = Debug;
		};
		17AC011828F899D10091A569 /* Release */ = {
			isa = XCBuildConfiguration;
			buildSettings = {
				ALWAYS_EMBED_SWIFT_STANDARD_LIBRARIES = YES;
				BUNDLE_LOADER = "$(TEST_HOST)";
				CODE_SIGN_STYLE = Automatic;
				CURRENT_PROJECT_VERSION = 1;
				DEVELOPMENT_TEAM = 7FV6Q4NKJ5;
				GENERATE_INFOPLIST_FILE = YES;
				IPHONEOS_DEPLOYMENT_TARGET = 16.0;
				MARKETING_VERSION = 1.0;
				PRODUCT_BUNDLE_IDENTIFIER = "valentina.ronchi.Dice-AppTests";
				PRODUCT_NAME = "$(TARGET_NAME)";
				SWIFT_EMIT_LOC_STRINGS = NO;
				SWIFT_VERSION = 5.0;
				TARGETED_DEVICE_FAMILY = "1,2";
				TEST_HOST = "$(BUILT_PRODUCTS_DIR)/Dice App.app/$(BUNDLE_EXECUTABLE_FOLDER_PATH)/Dice App";
			};
			name = Release;
		};
		17AC011A28F899D10091A569 /* Debug */ = {
			isa = XCBuildConfiguration;
			buildSettings = {
				ALWAYS_EMBED_SWIFT_STANDARD_LIBRARIES = YES;
				CODE_SIGN_STYLE = Automatic;
				CURRENT_PROJECT_VERSION = 1;
				DEVELOPMENT_TEAM = 7FV6Q4NKJ5;
				GENERATE_INFOPLIST_FILE = YES;
				MARKETING_VERSION = 1.0;
				PRODUCT_BUNDLE_IDENTIFIER = "valentina.ronchi.Dice-AppUITests";
				PRODUCT_NAME = "$(TARGET_NAME)";
				SWIFT_EMIT_LOC_STRINGS = NO;
				SWIFT_VERSION = 5.0;
				TARGETED_DEVICE_FAMILY = "1,2";
				TEST_TARGET_NAME = "Dice App";
			};
			name = Debug;
		};
		17AC011B28F899D10091A569 /* Release */ = {
			isa = XCBuildConfiguration;
			buildSettings = {
				ALWAYS_EMBED_SWIFT_STANDARD_LIBRARIES = YES;
				CODE_SIGN_STYLE = Automatic;
				CURRENT_PROJECT_VERSION = 1;
				DEVELOPMENT_TEAM = 7FV6Q4NKJ5;
				GENERATE_INFOPLIST_FILE = YES;
				MARKETING_VERSION = 1.0;
				PRODUCT_BUNDLE_IDENTIFIER = "valentina.ronchi.Dice-AppUITests";
				PRODUCT_NAME = "$(TARGET_NAME)";
				SWIFT_EMIT_LOC_STRINGS = NO;
				SWIFT_VERSION = 5.0;
				TARGETED_DEVICE_FAMILY = "1,2";
				TEST_TARGET_NAME = "Dice App";
			};
			name = Release;
		};
/* End XCBuildConfiguration section */

/* Begin XCConfigurationList section */
		17AC00EA28F899CB0091A569 /* Build configuration list for PBXProject "Dice App" */ = {
			isa = XCConfigurationList;
			buildConfigurations = (
				17AC011128F899D10091A569 /* Debug */,
				17AC011228F899D10091A569 /* Release */,
			);
			defaultConfigurationIsVisible = 0;
			defaultConfigurationName = Release;
		};
		17AC011328F899D10091A569 /* Build configuration list for PBXNativeTarget "Dice App" */ = {
			isa = XCConfigurationList;
			buildConfigurations = (
				17AC011428F899D10091A569 /* Debug */,
				17AC011528F899D10091A569 /* Release */,
			);
			defaultConfigurationIsVisible = 0;
			defaultConfigurationName = Release;
		};
		17AC011628F899D10091A569 /* Build configuration list for PBXNativeTarget "Dice AppTests" */ = {
			isa = XCConfigurationList;
			buildConfigurations = (
				17AC011728F899D10091A569 /* Debug */,
				17AC011828F899D10091A569 /* Release */,
			);
			defaultConfigurationIsVisible = 0;
			defaultConfigurationName = Release;
		};
		17AC011928F899D10091A569 /* Build configuration list for PBXNativeTarget "Dice AppUITests" */ = {
			isa = XCConfigurationList;
			buildConfigurations = (
				17AC011A28F899D10091A569 /* Debug */,
				17AC011B28F899D10091A569 /* Release */,
			);
			defaultConfigurationIsVisible = 0;
			defaultConfigurationName = Release;
		};
/* End XCConfigurationList section */
	};
	rootObject = 17AC00E728F899CB0091A569 /* Project object */;
}
